
Microsoft Visual Studio Solution File, Format Version 12.00
# Visual Studio Version 17
VisualStudioVersion = 17.0.31903.59
MinimumVisualStudioVersion = 10.0.40219.1
Project("{2150E333-8FDC-42A3-9474-1A3956D46DE8}") = "src", "src", "{827E0CD3-B72D-47B6-A68D-7590B98EB39B}"
EndProject
Project("{FAE04EC0-301F-11D3-BF4B-00C04F79EFBC}") = "Net.Agora.Extensions.FaceDetection.Mac", "src\Net.Agora.Extensions.FaceDetection.Mac\Net.Agora.Extensions.FaceDetection.Mac.csproj", "{797E6846-5986-4B2E-AD8D-138F7A397284}"
EndProject
Project("{FAE04EC0-301F-11D3-BF4B-00C04F79EFBC}") = "Net.Agora.Signaling.Mac", "src\Net.Agora.Signaling.Mac\Net.Agora.Signaling.Mac.csproj", "{A28AFA62-743E-4D3C-88D6-EA5C640E0B63}"
EndProject
Project("{FAE04EC0-301F-11D3-BF4B-00C04F79EFBC}") = "Net.Agora.Video.Mac", "src\Net.Agora.Video.Mac\Net.Agora.Video.Mac.csproj", "{42FE01E6-C606-4BE3-BBC8-EAA4AB126C9F}"
EndProject
Project("{FAE04EC0-301F-11D3-BF4B-00C04F79EFBC}") = "Net.Agora.Extensions.VirtualBackground.Mac", "src\Net.Agora.Extensions.VirtualBackground.Mac\Net.Agora.Extensions.VirtualBackground.Mac.csproj", "{10971B07-263C-475C-AF66-16B84E2690E0}"
EndProject
Project("{FAE04EC0-301F-11D3-BF4B-00C04F79EFBC}") = "Net.Agora.Extensions.ClearVision.Mac", "src\Net.Agora.Extensions.ClearVision.Mac\Net.Agora.Extensions.ClearVision.Mac.csproj", "{32DF5AA7-13E7-46C8-B1AF-2A4B6CA7F2DB}"
EndProject
Project("{FAE04EC0-301F-11D3-BF4B-00C04F79EFBC}") = "Net.Agora.Extensions.ContentInspect.Mac", "src\Net.Agora.Extensions.ContentInspect.Mac\Net.Agora.Extensions.ContentInspect.Mac.csproj", "{2DFCA02E-538B-4624-91EF-EE60EC63F3B9}"
EndProject
Project("{FAE04EC0-301F-11D3-BF4B-00C04F79EFBC}") = "Net.Agora.Extensions.FaceCapture.Mac", "src\Net.Agora.Extensions.FaceCapture.Mac\Net.Agora.Extensions.FaceCapture.Mac.csproj", "{C4FF13FA-8371-4C82-913C-7955E60C9142}"
EndProject
Project("{FAE04EC0-301F-11D3-BF4B-00C04F79EFBC}") = "Net.Agora.Voice.Mac", "src\Net.Agora.Voice.Mac\Net.Agora.Voice.Mac.csproj", "{98CF72E9-CB7C-4365-AC7B-D189B55817BE}"
EndProject
Project("{FAE04EC0-301F-11D3-BF4B-00C04F79EFBC}") = "Net.Agora.Extensions.VideoQualityAnalyzer.Mac", "src\Net.Agora.Extensions.VideoQualityAnalyzer.Mac\Net.Agora.Extensions.VideoQualityAnalyzer.Mac.csproj", "{6E74B14F-EDE0-4487-90AE-36C76C3A08E4}"
EndProject
Project("{FAE04EC0-301F-11D3-BF4B-00C04F79EFBC}") = "Net.Agora.Extensions.Av1Encoder.Mac", "src\Net.Agora.Extensions.Av1Encoder.Mac\Net.Agora.Extensions.Av1Encoder.Mac.csproj", "{F3F2C266-8DDF-4385-83C7-B96494A5FDD4}"
EndProject
Project("{FAE04EC0-301F-11D3-BF4B-00C04F79EFBC}") = "Net.Agora.Extensions.SpatialAudio.Mac", "src\Net.Agora.Extensions.SpatialAudio.Mac\Net.Agora.Extensions.SpatialAudio.Mac.csproj", "{B01BDD87-498A-46A2-8F80-EBE0A3B2A62B}"
EndProject
Project("{FAE04EC0-301F-11D3-BF4B-00C04F79EFBC}") = "Net.Agora.Extensions.AudioBeauty.Mac", "src\Net.Agora.Extensions.AudioBeauty.Mac\Net.Agora.Extensions.AudioBeauty.Mac.csproj", "{074F5370-1248-4801-A3B3-1F2090BB2FFC}"
EndProject
Project("{FAE04EC0-301F-11D3-BF4B-00C04F79EFBC}") = "Net.Agora.Extensions.Aiaec.Mac", "src\Net.Agora.Extensions.Aiaec.Mac\Net.Agora.Extensions.Aiaec.Mac.csproj", "{E6839221-1997-4F11-9F61-E727E00EFF32}"
EndProject
Project("{FAE04EC0-301F-11D3-BF4B-00C04F79EFBC}") = "Net.Agora.Extensions.Ains.Mac", "src\Net.Agora.Extensions.Ains.Mac\Net.Agora.Extensions.Ains.Mac.csproj", "{B44E284F-317D-4D57-B46F-4005FDCD203F}"
EndProject
Project("{FAE04EC0-301F-11D3-BF4B-00C04F79EFBC}") = "Net.Agora.Extensions.VideoEncoder.Mac", "src\Net.Agora.Extensions.VideoEncoder.Mac\Net.Agora.Extensions.VideoEncoder.Mac.csproj", "{F22B6543-59B6-4A46-929E-D65C544B5940}"
EndProject
Global
	GlobalSection(SolutionConfigurationPlatforms) = preSolution
		Debug|Any CPU = Debug|Any CPU
		Debug|x64 = Debug|x64
		Debug|x86 = Debug|x86
		Release|Any CPU = Release|Any CPU
		Release|x64 = Release|x64
		Release|x86 = Release|x86
	EndGlobalSection
	GlobalSection(ProjectConfigurationPlatforms) = postSolution
		{797E6846-5986-4B2E-AD8D-138F7A397284}.Debug|Any CPU.ActiveCfg = Debug|Any CPU
		{797E6846-5986-4B2E-AD8D-138F7A397284}.Debug|Any CPU.Build.0 = Debug|Any CPU
		{797E6846-5986-4B2E-AD8D-138F7A397284}.Debug|x64.ActiveCfg = Debug|Any CPU
		{797E6846-5986-4B2E-AD8D-138F7A397284}.Debug|x64.Build.0 = Debug|Any CPU
		{797E6846-5986-4B2E-AD8D-138F7A397284}.Debug|x86.ActiveCfg = Debug|Any CPU
		{797E6846-5986-4B2E-AD8D-138F7A397284}.Debug|x86.Build.0 = Debug|Any CPU
		{797E6846-5986-4B2E-AD8D-138F7A397284}.Release|Any CPU.ActiveCfg = Release|Any CPU
		{797E6846-5986-4B2E-AD8D-138F7A397284}.Release|Any CPU.Build.0 = Release|Any CPU
		{797E6846-5986-4B2E-AD8D-138F7A397284}.Release|x64.ActiveCfg = Release|Any CPU
		{797E6846-5986-4B2E-AD8D-138F7A397284}.Release|x64.Build.0 = Release|Any CPU
		{797E6846-5986-4B2E-AD8D-138F7A397284}.Release|x86.ActiveCfg = Release|Any CPU
		{797E6846-5986-4B2E-AD8D-138F7A397284}.Release|x86.Build.0 = Release|Any CPU
		{A28AFA62-743E-4D3C-88D6-EA5C640E0B63}.Debug|Any CPU.ActiveCfg = Debug|Any CPU
		{A28AFA62-743E-4D3C-88D6-EA5C640E0B63}.Debug|Any CPU.Build.0 = Debug|Any CPU
		{A28AFA62-743E-4D3C-88D6-EA5C640E0B63}.Debug|x64.ActiveCfg = Debug|Any CPU
		{A28AFA62-743E-4D3C-88D6-EA5C640E0B63}.Debug|x64.Build.0 = Debug|Any CPU
		{A28AFA62-743E-4D3C-88D6-EA5C640E0B63}.Debug|x86.ActiveCfg = Debug|Any CPU
		{A28AFA62-743E-4D3C-88D6-EA5C640E0B63}.Debug|x86.Build.0 = Debug|Any CPU
		{A28AFA62-743E-4D3C-88D6-EA5C640E0B63}.Release|Any CPU.ActiveCfg = Release|Any CPU
		{A28AFA62-743E-4D3C-88D6-EA5C640E0B63}.Release|Any CPU.Build.0 = Release|Any CPU
		{A28AFA62-743E-4D3C-88D6-EA5C640E0B63}.Release|x64.ActiveCfg = Release|Any CPU
		{A28AFA62-743E-4D3C-88D6-EA5C640E0B63}.Release|x64.Build.0 = Release|Any CPU
		{A28AFA62-743E-4D3C-88D6-EA5C640E0B63}.Release|x86.ActiveCfg = Release|Any CPU
		{A28AFA62-743E-4D3C-88D6-EA5C640E0B63}.Release|x86.Build.0 = Release|Any CPU
		{42FE01E6-C606-4BE3-BBC8-EAA4AB126C9F}.Debug|Any CPU.ActiveCfg = Debug|Any CPU
		{42FE01E6-C606-4BE3-BBC8-EAA4AB126C9F}.Debug|Any CPU.Build.0 = Debug|Any CPU
		{42FE01E6-C606-4BE3-BBC8-EAA4AB126C9F}.Debug|x64.ActiveCfg = Debug|Any CPU
		{42FE01E6-C606-4BE3-BBC8-EAA4AB126C9F}.Debug|x64.Build.0 = Debug|Any CPU
		{42FE01E6-C606-4BE3-BBC8-EAA4AB126C9F}.Debug|x86.ActiveCfg = Debug|Any CPU
		{42FE01E6-C606-4BE3-BBC8-EAA4AB126C9F}.Debug|x86.Build.0 = Debug|Any CPU
		{42FE01E6-C606-4BE3-BBC8-EAA4AB126C9F}.Release|Any CPU.ActiveCfg = Release|Any CPU
		{42FE01E6-C606-4BE3-BBC8-EAA4AB126C9F}.Release|Any CPU.Build.0 = Release|Any CPU
		{42FE01E6-C606-4BE3-BBC8-EAA4AB126C9F}.Release|x64.ActiveCfg = Release|Any CPU
		{42FE01E6-C606-4BE3-BBC8-EAA4AB126C9F}.Release|x64.Build.0 = Release|Any CPU
		{42FE01E6-C606-4BE3-BBC8-EAA4AB126C9F}.Release|x86.ActiveCfg = Release|Any CPU
		{42FE01E6-C606-4BE3-BBC8-EAA4AB126C9F}.Release|x86.Build.0 = Release|Any CPU
		{10971B07-263C-475C-AF66-16B84E2690E0}.Debug|Any CPU.ActiveCfg = Debug|Any CPU
		{10971B07-263C-475C-AF66-16B84E2690E0}.Debug|Any CPU.Build.0 = Debug|Any CPU
		{10971B07-263C-475C-AF66-16B84E2690E0}.Debug|x64.ActiveCfg = Debug|Any CPU
		{10971B07-263C-475C-AF66-16B84E2690E0}.Debug|x64.Build.0 = Debug|Any CPU
		{10971B07-263C-475C-AF66-16B84E2690E0}.Debug|x86.ActiveCfg = Debug|Any CPU
		{10971B07-263C-475C-AF66-16B84E2690E0}.Debug|x86.Build.0 = Debug|Any CPU
		{10971B07-263C-475C-AF66-16B84E2690E0}.Release|Any CPU.ActiveCfg = Release|Any CPU
		{10971B07-263C-475C-AF66-16B84E2690E0}.Release|Any CPU.Build.0 = Release|Any CPU
		{10971B07-263C-475C-AF66-16B84E2690E0}.Release|x64.ActiveCfg = Release|Any CPU
		{10971B07-263C-475C-AF66-16B84E2690E0}.Release|x64.Build.0 = Release|Any CPU
		{10971B07-263C-475C-AF66-16B84E2690E0}.Release|x86.ActiveCfg = Release|Any CPU
		{10971B07-263C-475C-AF66-16B84E2690E0}.Release|x86.Build.0 = Release|Any CPU
		{32DF5AA7-13E7-46C8-B1AF-2A4B6CA7F2DB}.Debug|Any CPU.ActiveCfg = Debug|Any CPU
		{32DF5AA7-13E7-46C8-B1AF-2A4B6CA7F2DB}.Debug|Any CPU.Build.0 = Debug|Any CPU
		{32DF5AA7-13E7-46C8-B1AF-2A4B6CA7F2DB}.Debug|x64.ActiveCfg = Debug|Any CPU
		{32DF5AA7-13E7-46C8-B1AF-2A4B6CA7F2DB}.Debug|x64.Build.0 = Debug|Any CPU
		{32DF5AA7-13E7-46C8-B1AF-2A4B6CA7F2DB}.Debug|x86.ActiveCfg = Debug|Any CPU
		{32DF5AA7-13E7-46C8-B1AF-2A4B6CA7F2DB}.Debug|x86.Build.0 = Debug|Any CPU
		{32DF5AA7-13E7-46C8-B1AF-2A4B6CA7F2DB}.Release|Any CPU.ActiveCfg = Release|Any CPU
		{32DF5AA7-13E7-46C8-B1AF-2A4B6CA7F2DB}.Release|Any CPU.Build.0 = Release|Any CPU
		{32DF5AA7-13E7-46C8-B1AF-2A4B6CA7F2DB}.Release|x64.ActiveCfg = Release|Any CPU
		{32DF5AA7-13E7-46C8-B1AF-2A4B6CA7F2DB}.Release|x64.Build.0 = Release|Any CPU
		{32DF5AA7-13E7-46C8-B1AF-2A4B6CA7F2DB}.Release|x86.ActiveCfg = Release|Any CPU
		{32DF5AA7-13E7-46C8-B1AF-2A4B6CA7F2DB}.Release|x86.Build.0 = Release|Any CPU
		{2DFCA02E-538B-4624-91EF-EE60EC63F3B9}.Debug|Any CPU.ActiveCfg = Debug|Any CPU
		{2DFCA02E-538B-4624-91EF-EE60EC63F3B9}.Debug|Any CPU.Build.0 = Debug|Any CPU
		{2DFCA02E-538B-4624-91EF-EE60EC63F3B9}.Debug|x64.ActiveCfg = Debug|Any CPU
		{2DFCA02E-538B-4624-91EF-EE60EC63F3B9}.Debug|x64.Build.0 = Debug|Any CPU
		{2DFCA02E-538B-4624-91EF-EE60EC63F3B9}.Debug|x86.ActiveCfg = Debug|Any CPU
		{2DFCA02E-538B-4624-91EF-EE60EC63F3B9}.Debug|x86.Build.0 = Debug|Any CPU
		{2DFCA02E-538B-4624-91EF-EE60EC63F3B9}.Release|Any CPU.ActiveCfg = Release|Any CPU
		{2DFCA02E-538B-4624-91EF-EE60EC63F3B9}.Release|Any CPU.Build.0 = Release|Any CPU
		{2DFCA02E-538B-4624-91EF-EE60EC63F3B9}.Release|x64.ActiveCfg = Release|Any CPU
		{2DFCA02E-538B-4624-91EF-EE60EC63F3B9}.Release|x64.Build.0 = Release|Any CPU
		{2DFCA02E-538B-4624-91EF-EE60EC63F3B9}.Release|x86.ActiveCfg = Release|Any CPU
		{2DFCA02E-538B-4624-91EF-EE60EC63F3B9}.Release|x86.Build.0 = Release|Any CPU
		{C4FF13FA-8371-4C82-913C-7955E60C9142}.Debug|Any CPU.ActiveCfg = Debug|Any CPU
		{C4FF13FA-8371-4C82-913C-7955E60C9142}.Debug|Any CPU.Build.0 = Debug|Any CPU
		{C4FF13FA-8371-4C82-913C-7955E60C9142}.Debug|x64.ActiveCfg = Debug|Any CPU
		{C4FF13FA-8371-4C82-913C-7955E60C9142}.Debug|x64.Build.0 = Debug|Any CPU
		{C4FF13FA-8371-4C82-913C-7955E60C9142}.Debug|x86.ActiveCfg = Debug|Any CPU
		{C4FF13FA-8371-4C82-913C-7955E60C9142}.Debug|x86.Build.0 = Debug|Any CPU
		{C4FF13FA-8371-4C82-913C-7955E60C9142}.Release|Any CPU.ActiveCfg = Release|Any CPU
		{C4FF13FA-8371-4C82-913C-7955E60C9142}.Release|Any CPU.Build.0 = Release|Any CPU
		{C4FF13FA-8371-4C82-913C-7955E60C9142}.Release|x64.ActiveCfg = Release|Any CPU
		{C4FF13FA-8371-4C82-913C-7955E60C9142}.Release|x64.Build.0 = Release|Any CPU
		{C4FF13FA-8371-4C82-913C-7955E60C9142}.Release|x86.ActiveCfg = Release|Any CPU
		{C4FF13FA-8371-4C82-913C-7955E60C9142}.Release|x86.Build.0 = Release|Any CPU
		{98CF72E9-CB7C-4365-AC7B-D189B55817BE}.Debug|Any CPU.ActiveCfg = Debug|Any CPU
		{98CF72E9-CB7C-4365-AC7B-D189B55817BE}.Debug|Any CPU.Build.0 = Debug|Any CPU
		{98CF72E9-CB7C-4365-AC7B-D189B55817BE}.Debug|x64.ActiveCfg = Debug|Any CPU
		{98CF72E9-CB7C-4365-AC7B-D189B55817BE}.Debug|x64.Build.0 = Debug|Any CPU
		{98CF72E9-CB7C-4365-AC7B-D189B55817BE}.Debug|x86.ActiveCfg = Debug|Any CPU
		{98CF72E9-CB7C-4365-AC7B-D189B55817BE}.Debug|x86.Build.0 = Debug|Any CPU
		{98CF72E9-CB7C-4365-AC7B-D189B55817BE}.Release|Any CPU.ActiveCfg = Release|Any CPU
		{98CF72E9-CB7C-4365-AC7B-D189B55817BE}.Release|Any CPU.Build.0 = Release|Any CPU
		{98CF72E9-CB7C-4365-AC7B-D189B55817BE}.Release|x64.ActiveCfg = Release|Any CPU
		{98CF72E9-CB7C-4365-AC7B-D189B55817BE}.Release|x64.Build.0 = Release|Any CPU
		{98CF72E9-CB7C-4365-AC7B-D189B55817BE}.Release|x86.ActiveCfg = Release|Any CPU
		{98CF72E9-CB7C-4365-AC7B-D189B55817BE}.Release|x86.Build.0 = Release|Any CPU
		{6E74B14F-EDE0-4487-90AE-36C76C3A08E4}.Debug|Any CPU.ActiveCfg = Debug|Any CPU
		{6E74B14F-EDE0-4487-90AE-36C76C3A08E4}.Debug|Any CPU.Build.0 = Debug|Any CPU
		{6E74B14F-EDE0-4487-90AE-36C76C3A08E4}.Debug|x64.ActiveCfg = Debug|Any CPU
		{6E74B14F-EDE0-4487-90AE-36C76C3A08E4}.Debug|x64.Build.0 = Debug|Any CPU
		{6E74B14F-EDE0-4487-90AE-36C76C3A08E4}.Debug|x86.ActiveCfg = Debug|Any CPU
		{6E74B14F-EDE0-4487-90AE-36C76C3A08E4}.Debug|x86.Build.0 = Debug|Any CPU
		{6E74B14F-EDE0-4487-90AE-36C76C3A08E4}.Release|Any CPU.ActiveCfg = Release|Any CPU
		{6E74B14F-EDE0-4487-90AE-36C76C3A08E4}.Release|Any CPU.Build.0 = Release|Any CPU
		{6E74B14F-EDE0-4487-90AE-36C76C3A08E4}.Release|x64.ActiveCfg = Release|Any CPU
		{6E74B14F-EDE0-4487-90AE-36C76C3A08E4}.Release|x64.Build.0 = Release|Any CPU
		{6E74B14F-EDE0-4487-90AE-36C76C3A08E4}.Release|x86.ActiveCfg = Release|Any CPU
		{6E74B14F-EDE0-4487-90AE-36C76C3A08E4}.Release|x86.Build.0 = Release|Any CPU
		{F3F2C266-8DDF-4385-83C7-B96494A5FDD4}.Debug|Any CPU.ActiveCfg = Debug|Any CPU
		{F3F2C266-8DDF-4385-83C7-B96494A5FDD4}.Debug|Any CPU.Build.0 = Debug|Any CPU
		{F3F2C266-8DDF-4385-83C7-B96494A5FDD4}.Debug|x64.ActiveCfg = Debug|Any CPU
		{F3F2C266-8DDF-4385-83C7-B96494A5FDD4}.Debug|x64.Build.0 = Debug|Any CPU
		{F3F2C266-8DDF-4385-83C7-B96494A5FDD4}.Debug|x86.ActiveCfg = Debug|Any CPU
		{F3F2C266-8DDF-4385-83C7-B96494A5FDD4}.Debug|x86.Build.0 = Debug|Any CPU
		{F3F2C266-8DDF-4385-83C7-B96494A5FDD4}.Release|Any CPU.ActiveCfg = Release|Any CPU
		{F3F2C266-8DDF-4385-83C7-B96494A5FDD4}.Release|Any CPU.Build.0 = Release|Any CPU
		{F3F2C266-8DDF-4385-83C7-B96494A5FDD4}.Release|x64.ActiveCfg = Release|Any CPU
		{F3F2C266-8DDF-4385-83C7-B96494A5FDD4}.Release|x64.Build.0 = Release|Any CPU
		{F3F2C266-8DDF-4385-83C7-B96494A5FDD4}.Release|x86.ActiveCfg = Release|Any CPU
		{F3F2C266-8DDF-4385-83C7-B96494A5FDD4}.Release|x86.Build.0 = Release|Any CPU
		{B01BDD87-498A-46A2-8F80-EBE0A3B2A62B}.Debug|Any CPU.ActiveCfg = Debug|Any CPU
		{B01BDD87-498A-46A2-8F80-EBE0A3B2A62B}.Debug|Any CPU.Build.0 = Debug|Any CPU
		{B01BDD87-498A-46A2-8F80-EBE0A3B2A62B}.Debug|x64.ActiveCfg = Debug|Any CPU
		{B01BDD87-498A-46A2-8F80-EBE0A3B2A62B}.Debug|x64.Build.0 = Debug|Any CPU
		{B01BDD87-498A-46A2-8F80-EBE0A3B2A62B}.Debug|x86.ActiveCfg = Debug|Any CPU
		{B01BDD87-498A-46A2-8F80-EBE0A3B2A62B}.Debug|x86.Build.0 = Debug|Any CPU
		{B01BDD87-498A-46A2-8F80-EBE0A3B2A62B}.Release|Any CPU.ActiveCfg = Release|Any CPU
		{B01BDD87-498A-46A2-8F80-EBE0A3B2A62B}.Release|Any CPU.Build.0 = Release|Any CPU
		{B01BDD87-498A-46A2-8F80-EBE0A3B2A62B}.Release|x64.ActiveCfg = Release|Any CPU
		{B01BDD87-498A-46A2-8F80-EBE0A3B2A62B}.Release|x64.Build.0 = Release|Any CPU
		{B01BDD87-498A-46A2-8F80-EBE0A3B2A62B}.Release|x86.ActiveCfg = Release|Any CPU
		{B01BDD87-498A-46A2-8F80-EBE0A3B2A62B}.Release|x86.Build.0 = Release|Any CPU
		{074F5370-1248-4801-A3B3-1F2090BB2FFC}.Debug|Any CPU.ActiveCfg = Debug|Any CPU
		{074F5370-1248-4801-A3B3-1F2090BB2FFC}.Debug|Any CPU.Build.0 = Debug|Any CPU
		{074F5370-1248-4801-A3B3-1F2090BB2FFC}.Debug|x64.ActiveCfg = Debug|Any CPU
		{074F5370-1248-4801-A3B3-1F2090BB2FFC}.Debug|x64.Build.0 = Debug|Any CPU
		{074F5370-1248-4801-A3B3-1F2090BB2FFC}.Debug|x86.ActiveCfg = Debug|Any CPU
		{074F5370-1248-4801-A3B3-1F2090BB2FFC}.Debug|x86.Build.0 = Debug|Any CPU
		{074F5370-1248-4801-A3B3-1F2090BB2FFC}.Release|Any CPU.ActiveCfg = Release|Any CPU
		{074F5370-1248-4801-A3B3-1F2090BB2FFC}.Release|Any CPU.Build.0 = Release|Any CPU
		{074F5370-1248-4801-A3B3-1F2090BB2FFC}.Release|x64.ActiveCfg = Release|Any CPU
		{074F5370-1248-4801-A3B3-1F2090BB2FFC}.Release|x64.Build.0 = Release|Any CPU
		{074F5370-1248-4801-A3B3-1F2090BB2FFC}.Release|x86.ActiveCfg = Release|Any CPU
		{074F5370-1248-4801-A3B3-1F2090BB2FFC}.Release|x86.Build.0 = Release|Any CPU
		{E6839221-1997-4F11-9F61-E727E00EFF32}.Debug|Any CPU.ActiveCfg = Debug|Any CPU
		{E6839221-1997-4F11-9F61-E727E00EFF32}.Debug|Any CPU.Build.0 = Debug|Any CPU
		{E6839221-1997-4F11-9F61-E727E00EFF32}.Debug|x64.ActiveCfg = Debug|Any CPU
		{E6839221-1997-4F11-9F61-E727E00EFF32}.Debug|x64.Build.0 = Debug|Any CPU
		{E6839221-1997-4F11-9F61-E727E00EFF32}.Debug|x86.ActiveCfg = Debug|Any CPU
		{E6839221-1997-4F11-9F61-E727E00EFF32}.Debug|x86.Build.0 = Debug|Any CPU
		{E6839221-1997-4F11-9F61-E727E00EFF32}.Release|Any CPU.ActiveCfg = Release|Any CPU
		{E6839221-1997-4F11-9F61-E727E00EFF32}.Release|Any CPU.Build.0 = Release|Any CPU
		{E6839221-1997-4F11-9F61-E727E00EFF32}.Release|x64.ActiveCfg = Release|Any CPU
		{E6839221-1997-4F11-9F61-E727E00EFF32}.Release|x64.Build.0 = Release|Any CPU
		{E6839221-1997-4F11-9F61-E727E00EFF32}.Release|x86.ActiveCfg = Release|Any CPU
		{E6839221-1997-4F11-9F61-E727E00EFF32}.Release|x86.Build.0 = Release|Any CPU
		{B44E284F-317D-4D57-B46F-4005FDCD203F}.Debug|Any CPU.ActiveCfg = Debug|Any CPU
		{B44E284F-317D-4D57-B46F-4005FDCD203F}.Debug|Any CPU.Build.0 = Debug|Any CPU
		{B44E284F-317D-4D57-B46F-4005FDCD203F}.Debug|x64.ActiveCfg = Debug|Any CPU
		{B44E284F-317D-4D57-B46F-4005FDCD203F}.Debug|x64.Build.0 = Debug|Any CPU
		{B44E284F-317D-4D57-B46F-4005FDCD203F}.Debug|x86.ActiveCfg = Debug|Any CPU
		{B44E284F-317D-4D57-B46F-4005FDCD203F}.Debug|x86.Build.0 = Debug|Any CPU
		{B44E284F-317D-4D57-B46F-4005FDCD203F}.Release|Any CPU.ActiveCfg = Release|Any CPU
		{B44E284F-317D-4D57-B46F-4005FDCD203F}.Release|Any CPU.Build.0 = Release|Any CPU
		{B44E284F-317D-4D57-B46F-4005FDCD203F}.Release|x64.ActiveCfg = Release|Any CPU
		{B44E284F-317D-4D57-B46F-4005FDCD203F}.Release|x64.Build.0 = Release|Any CPU
		{B44E284F-317D-4D57-B46F-4005FDCD203F}.Release|x86.ActiveCfg = Release|Any CPU
		{B44E284F-317D-4D57-B46F-4005FDCD203F}.Release|x86.Build.0 = Release|Any CPU
		{F22B6543-59B6-4A46-929E-D65C544B5940}.Debug|Any CPU.ActiveCfg = Debug|Any CPU
		{F22B6543-59B6-4A46-929E-D65C544B5940}.Debug|Any CPU.Build.0 = Debug|Any CPU
		{F22B6543-59B6-4A46-929E-D65C544B5940}.Debug|x64.ActiveCfg = Debug|Any CPU
		{F22B6543-59B6-4A46-929E-D65C544B5940}.Debug|x64.Build.0 = Debug|Any CPU
		{F22B6543-59B6-4A46-929E-D65C544B5940}.Debug|x86.ActiveCfg = Debug|Any CPU
		{F22B6543-59B6-4A46-929E-D65C544B5940}.Debug|x86.Build.0 = Debug|Any CPU
		{F22B6543-59B6-4A46-929E-D65C544B5940}.Release|Any CPU.ActiveCfg = Release|Any CPU
		{F22B6543-59B6-4A46-929E-D65C544B5940}.Release|Any CPU.Build.0 = Release|Any CPU
		{F22B6543-59B6-4A46-929E-D65C544B5940}.Release|x64.ActiveCfg = Release|Any CPU
		{F22B6543-59B6-4A46-929E-D65C544B5940}.Release|x64.Build.0 = Release|Any CPU
		{F22B6543-59B6-4A46-929E-D65C544B5940}.Release|x86.ActiveCfg = Release|Any CPU
		{F22B6543-59B6-4A46-929E-D65C544B5940}.Release|x86.Build.0 = Release|Any CPU
	EndGlobalSection
	GlobalSection(SolutionProperties) = preSolution
		HideSolutionNode = FALSE
	EndGlobalSection
	GlobalSection(NestedProjects) = preSolution
		{797E6846-5986-4B2E-AD8D-138F7A397284} = {827E0CD3-B72D-47B6-A68D-7590B98EB39B}
		{A28AFA62-743E-4D3C-88D6-EA5C640E0B63} = {827E0CD3-B72D-47B6-A68D-7590B98EB39B}
		{42FE01E6-C606-4BE3-BBC8-EAA4AB126C9F} = {827E0CD3-B72D-47B6-A68D-7590B98EB39B}
		{10971B07-263C-475C-AF66-16B84E2690E0} = {827E0CD3-B72D-47B6-A68D-7590B98EB39B}
		{32DF5AA7-13E7-46C8-B1AF-2A4B6CA7F2DB} = {827E0CD3-B72D-47B6-A68D-7590B98EB39B}
		{2DFCA02E-538B-4624-91EF-EE60EC63F3B9} = {827E0CD3-B72D-47B6-A68D-7590B98EB39B}
		{C4FF13FA-8371-4C82-913C-7955E60C9142} = {827E0CD3-B72D-47B6-A68D-7590B98EB39B}
		{98CF72E9-CB7C-4365-AC7B-D189B55817BE} = {827E0CD3-B72D-47B6-A68D-7590B98EB39B}
		{6E74B14F-EDE0-4487-90AE-36C76C3A08E4} = {827E0CD3-B72D-47B6-A68D-7590B98EB39B}
		{F3F2C266-8DDF-4385-83C7-B96494A5FDD4} = {827E0CD3-B72D-47B6-A68D-7590B98EB39B}
		{B01BDD87-498A-46A2-8F80-EBE0A3B2A62B} = {827E0CD3-B72D-47B6-A68D-7590B98EB39B}
		{074F5370-1248-4801-A3B3-1F2090BB2FFC} = {827E0CD3-B72D-47B6-A68D-7590B98EB39B}
		{E6839221-1997-4F11-9F61-E727E00EFF32} = {827E0CD3-B72D-47B6-A68D-7590B98EB39B}
		{B44E284F-317D-4D57-B46F-4005FDCD203F} = {827E0CD3-B72D-47B6-A68D-7590B98EB39B}
		{F22B6543-59B6-4A46-929E-D65C544B5940} = {827E0CD3-B72D-47B6-A68D-7590B98EB39B}
	EndGlobalSection
EndGlobal
